// !$*UTF8*$!
{
	archiveVersion = 1;
	classes = {
	};
	objectVersion = 56;
	objects = {

/* Begin PBXBuildFile section */
		1CE1BBAE2C5BCA74007E8CEE /* ContentView.swift in Sources */ = {isa = PBXBuildFile; fileRef = 1CE1BBAD2C5BCA74007E8CEE /* ContentView.swift */; };
		1CE1BBB02C5BCA76007E8CEE /* Assets.xcassets in Resources */ = {isa = PBXBuildFile; fileRef = 1CE1BBAF2C5BCA76007E8CEE /* Assets.xcassets */; };
		1CE1BBB32C5BCA76007E8CEE /* Preview Assets.xcassets in Resources */ = {isa = PBXBuildFile; fileRef = 1CE1BBB22C5BCA76007E8CEE /* Preview Assets.xcassets */; };
		1CE1BBBD2C5BCA76007E8CEE /* FinancialIssuesAppTests.swift in Sources */ = {isa = PBXBuildFile; fileRef = 1CE1BBBC2C5BCA76007E8CEE /* FinancialIssuesAppTests.swift */; };
		1CE1BBC72C5BCA76007E8CEE /* FinancialIssuesAppUITests.swift in Sources */ = {isa = PBXBuildFile; fileRef = 1CE1BBC62C5BCA76007E8CEE /* FinancialIssuesAppUITests.swift */; };
		1CE1BBC92C5BCA76007E8CEE /* FinancialIssuesAppUITestsLaunchTests.swift in Sources */ = {isa = PBXBuildFile; fileRef = 1CE1BBC82C5BCA76007E8CEE /* FinancialIssuesAppUITestsLaunchTests.swift */; };
		1CE1BC122C5BCB12007E8CEE /* FinancialTracker.xcdatamodeld in Sources */ = {isa = PBXBuildFile; fileRef = 1CE1BC102C5BCB12007E8CEE /* FinancialTracker.xcdatamodeld */; };
		1CE1BC142C5BCC2A007E8CEE /* LoginViewController.swift in Sources */ = {isa = PBXBuildFile; fileRef = 1CE1BC132C5BCC2A007E8CEE /* LoginViewController.swift */; };
		1CE1BC162C5BCC72007E8CEE /* MainViewController.swift in Sources */ = {isa = PBXBuildFile; fileRef = 1CE1BC152C5BCC72007E8CEE /* MainViewController.swift */; };
		1CE1BC182C5BCCB3007E8CEE /* RegisterBalanceViewController.swift in Sources */ = {isa = PBXBuildFile; fileRef = 1CE1BC172C5BCCB3007E8CEE /* RegisterBalanceViewController.swift */; };
		1CE1BC1A2C5BCDCC007E8CEE /* RegisterTransactionViewController.swift in Sources */ = {isa = PBXBuildFile; fileRef = 1CE1BC192C5BCDCC007E8CEE /* RegisterTransactionViewController.swift */; };
		1CE1BC1C2C5BCE01007E8CEE /* CoreDataHelper.swift in Sources */ = {isa = PBXBuildFile; fileRef = 1CE1BC1B2C5BCE01007E8CEE /* CoreDataHelper.swift */; };
		1CE1BC1E2C5BE044007E8CEE /* AppDelegate.swift in Sources */ = {isa = PBXBuildFile; fileRef = 1CE1BC1D2C5BE044007E8CEE /* AppDelegate.swift */; };
/* End PBXBuildFile section */

/* Begin PBXContainerItemProxy section */
		1CE1BBB92C5BCA76007E8CEE /* PBXContainerItemProxy */ = {
			isa = PBXContainerItemProxy;
			containerPortal = 1CE1BBA02C5BCA74007E8CEE /* Project object */;
			proxyType = 1;
			remoteGlobalIDString = 1CE1BBA72C5BCA74007E8CEE;
			remoteInfo = FinancialIssuesApp;
		};
		1CE1BBC32C5BCA76007E8CEE /* PBXContainerItemProxy */ = {
			isa = PBXContainerItemProxy;
			containerPortal = 1CE1BBA02C5BCA74007E8CEE /* Project object */;
			proxyType = 1;
			remoteGlobalIDString = 1CE1BBA72C5BCA74007E8CEE;
			remoteInfo = FinancialIssuesApp;
		};
/* End PBXContainerItemProxy section */

/* Begin PBXFileReference section */
		1CE1BBA82C5BCA74007E8CEE /* FinancialIssuesApp.app */ = {isa = PBXFileReference; explicitFileType = wrapper.application; includeInIndex = 0; path = FinancialIssuesApp.app; sourceTree = BUILT_PRODUCTS_DIR; };
		1CE1BBAD2C5BCA74007E8CEE /* ContentView.swift */ = {isa = PBXFileReference; lastKnownFileType = sourcecode.swift; path = ContentView.swift; sourceTree = "<group>"; };
		1CE1BBAF2C5BCA76007E8CEE /* Assets.xcassets */ = {isa = PBXFileReference; lastKnownFileType = folder.assetcatalog; path = Assets.xcassets; sourceTree = "<group>"; };
		1CE1BBB22C5BCA76007E8CEE /* Preview Assets.xcassets */ = {isa = PBXFileReference; lastKnownFileType = folder.assetcatalog; path = "Preview Assets.xcassets"; sourceTree = "<group>"; };
		1CE1BBB82C5BCA76007E8CEE /* FinancialIssuesAppTests.xctest */ = {isa = PBXFileReference; explicitFileType = wrapper.cfbundle; includeInIndex = 0; path = FinancialIssuesAppTests.xctest; sourceTree = BUILT_PRODUCTS_DIR; };
		1CE1BBBC2C5BCA76007E8CEE /* FinancialIssuesAppTests.swift */ = {isa = PBXFileReference; lastKnownFileType = sourcecode.swift; path = FinancialIssuesAppTests.swift; sourceTree = "<group>"; };
		1CE1BBC22C5BCA76007E8CEE /* FinancialIssuesAppUITests.xctest */ = {isa = PBXFileReference; explicitFileType = wrapper.cfbundle; includeInIndex = 0; path = FinancialIssuesAppUITests.xctest; sourceTree = BUILT_PRODUCTS_DIR; };
		1CE1BBC62C5BCA76007E8CEE /* FinancialIssuesAppUITests.swift */ = {isa = PBXFileReference; lastKnownFileType = sourcecode.swift; path = FinancialIssuesAppUITests.swift; sourceTree = "<group>"; };
		1CE1BBC82C5BCA76007E8CEE /* FinancialIssuesAppUITestsLaunchTests.swift */ = {isa = PBXFileReference; lastKnownFileType = sourcecode.swift; path = FinancialIssuesAppUITestsLaunchTests.swift; sourceTree = "<group>"; };
		1CE1BC112C5BCB12007E8CEE /* FinancialTracker.xcdatamodel */ = {isa = PBXFileReference; lastKnownFileType = wrapper.xcdatamodel; path = FinancialTracker.xcdatamodel; sourceTree = "<group>"; };
		1CE1BC132C5BCC2A007E8CEE /* LoginViewController.swift */ = {isa = PBXFileReference; lastKnownFileType = sourcecode.swift; path = LoginViewController.swift; sourceTree = "<group>"; };
		1CE1BC152C5BCC72007E8CEE /* MainViewController.swift */ = {isa = PBXFileReference; lastKnownFileType = sourcecode.swift; path = MainViewController.swift; sourceTree = "<group>"; };
		1CE1BC172C5BCCB3007E8CEE /* RegisterBalanceViewController.swift */ = {isa = PBXFileReference; lastKnownFileType = sourcecode.swift; path = RegisterBalanceViewController.swift; sourceTree = "<group>"; };
		1CE1BC192C5BCDCC007E8CEE /* RegisterTransactionViewController.swift */ = {isa = PBXFileReference; lastKnownFileType = sourcecode.swift; path = RegisterTransactionViewController.swift; sourceTree = "<group>"; };
		1CE1BC1B2C5BCE01007E8CEE /* CoreDataHelper.swift */ = {isa = PBXFileReference; lastKnownFileType = sourcecode.swift; path = CoreDataHelper.swift; sourceTree = "<group>"; };
		1CE1BC1D2C5BE044007E8CEE /* AppDelegate.swift */ = {isa = PBXFileReference; lastKnownFileType = sourcecode.swift; path = AppDelegate.swift; sourceTree = "<group>"; };
/* End PBXFileReference section */

/* Begin PBXFrameworksBuildPhase section */
		1CE1BBA52C5BCA74007E8CEE /* Frameworks */ = {
			isa = PBXFrameworksBuildPhase;
			buildActionMask = 2147483647;
			files = (
			);
			runOnlyForDeploymentPostprocessing = 0;
		};
		1CE1BBB52C5BCA76007E8CEE /* Frameworks */ = {
			isa = PBXFrameworksBuildPhase;
			buildActionMask = 2147483647;
			files = (
			);
			runOnlyForDeploymentPostprocessing = 0;
		};
		1CE1BBBF2C5BCA76007E8CEE /* Frameworks */ = {
			isa = PBXFrameworksBuildPhase;
			buildActionMask = 2147483647;
			files = (
			);
			runOnlyForDeploymentPostprocessing = 0;
		};
/* End PBXFrameworksBuildPhase section */

/* Begin PBXGroup section */
		1CE1BB9F2C5BCA74007E8CEE = {
			isa = PBXGroup;
			children = (
				1CE1BC102C5BCB12007E8CEE /* FinancialTracker.xcdatamodeld */,
				1CE1BBAA2C5BCA74007E8CEE /* FinancialIssuesApp */,
				1CE1BBBB2C5BCA76007E8CEE /* FinancialIssuesAppTests */,
				1CE1BBC52C5BCA76007E8CEE /* FinancialIssuesAppUITests */,
				1CE1BBA92C5BCA74007E8CEE /* Products */,
			);
			sourceTree = "<group>";
		};
		1CE1BBA92C5BCA74007E8CEE /* Products */ = {
			isa = PBXGroup;
			children = (
				1CE1BBA82C5BCA74007E8CEE /* FinancialIssuesApp.app */,
				1CE1BBB82C5BCA76007E8CEE /* FinancialIssuesAppTests.xctest */,
				1CE1BBC22C5BCA76007E8CEE /* FinancialIssuesAppUITests.xctest */,
			);
			name = Products;
			sourceTree = "<group>";
		};
		1CE1BBAA2C5BCA74007E8CEE /* FinancialIssuesApp */ = {
			isa = PBXGroup;
			children = (
				1CE1BBAD2C5BCA74007E8CEE /* ContentView.swift */,
				1CE1BBAF2C5BCA76007E8CEE /* Assets.xcassets */,
				1CE1BC132C5BCC2A007E8CEE /* LoginViewController.swift */,
				1CE1BC152C5BCC72007E8CEE /* MainViewController.swift */,
				1CE1BBB12C5BCA76007E8CEE /* Preview Content */,
				1CE1BC172C5BCCB3007E8CEE /* RegisterBalanceViewController.swift */,
				1CE1BC192C5BCDCC007E8CEE /* RegisterTransactionViewController.swift */,
				1CE1BC1B2C5BCE01007E8CEE /* CoreDataHelper.swift */,
				1CE1BC1D2C5BE044007E8CEE /* AppDelegate.swift */,
			);
			path = FinancialIssuesApp;
			sourceTree = "<group>";
		};
		1CE1BBB12C5BCA76007E8CEE /* Preview Content */ = {
			isa = PBXGroup;
			children = (
				1CE1BBB22C5BCA76007E8CEE /* Preview Assets.xcassets */,
			);
			path = "Preview Content";
			sourceTree = "<group>";
		};
		1CE1BBBB2C5BCA76007E8CEE /* FinancialIssuesAppTests */ = {
			isa = PBXGroup;
			children = (
				1CE1BBBC2C5BCA76007E8CEE /* FinancialIssuesAppTests.swift */,
			);
			path = FinancialIssuesAppTests;
			sourceTree = "<group>";
		};
		1CE1BBC52C5BCA76007E8CEE /* FinancialIssuesAppUITests */ = {
			isa = PBXGroup;
			children = (
				1CE1BBC62C5BCA76007E8CEE /* FinancialIssuesAppUITests.swift */,
				1CE1BBC82C5BCA76007E8CEE /* FinancialIssuesAppUITestsLaunchTests.swift */,
			);
			path = FinancialIssuesAppUITests;
			sourceTree = "<group>";
		};
/* End PBXGroup section */

/* Begin PBXNativeTarget section */
		1CE1BBA72C5BCA74007E8CEE /* FinancialIssuesApp */ = {
			isa = PBXNativeTarget;
			buildConfigurationList = 1CE1BBCC2C5BCA76007E8CEE /* Build configuration list for PBXNativeTarget "FinancialIssuesApp" */;
			buildPhases = (
				1CE1BBA42C5BCA74007E8CEE /* Sources */,
				1CE1BBA52C5BCA74007E8CEE /* Frameworks */,
				1CE1BBA62C5BCA74007E8CEE /* Resources */,
			);
			buildRules = (
			);
			dependencies = (
			);
			name = FinancialIssuesApp;
			productName = FinancialIssuesApp;
			productReference = 1CE1BBA82C5BCA74007E8CEE /* FinancialIssuesApp.app */;
			productType = "com.apple.product-type.application";
		};
		1CE1BBB72C5BCA76007E8CEE /* FinancialIssuesAppTests */ = {
			isa = PBXNativeTarget;
			buildConfigurationList = 1CE1BBCF2C5BCA76007E8CEE /* Build configuration list for PBXNativeTarget "FinancialIssuesAppTests" */;
			buildPhases = (
				1CE1BBB42C5BCA76007E8CEE /* Sources */,
				1CE1BBB52C5BCA76007E8CEE /* Frameworks */,
				1CE1BBB62C5BCA76007E8CEE /* Resources */,
			);
			buildRules = (
			);
			dependencies = (
				1CE1BBBA2C5BCA76007E8CEE /* PBXTargetDependency */,
			);
			name = FinancialIssuesAppTests;
			productName = FinancialIssuesAppTests;
			productReference = 1CE1BBB82C5BCA76007E8CEE /* FinancialIssuesAppTests.xctest */;
			productType = "com.apple.product-type.bundle.unit-test";
		};
		1CE1BBC12C5BCA76007E8CEE /* FinancialIssuesAppUITests */ = {
			isa = PBXNativeTarget;
			buildConfigurationList = 1CE1BBD22C5BCA76007E8CEE /* Build configuration list for PBXNativeTarget "FinancialIssuesAppUITests" */;
			buildPhases = (
				1CE1BBBE2C5BCA76007E8CEE /* Sources */,
				1CE1BBBF2C5BCA76007E8CEE /* Frameworks */,
				1CE1BBC02C5BCA76007E8CEE /* Resources */,
			);
			buildRules = (
			);
			dependencies = (
				1CE1BBC42C5BCA76007E8CEE /* PBXTargetDependency */,
			);
			name = FinancialIssuesAppUITests;
			productName = FinancialIssuesAppUITests;
			productReference = 1CE1BBC22C5BCA76007E8CEE /* FinancialIssuesAppUITests.xctest */;
			productType = "com.apple.product-type.bundle.ui-testing";
		};
/* End PBXNativeTarget section */

/* Begin PBXProject section */
		1CE1BBA02C5BCA74007E8CEE /* Project object */ = {
			isa = PBXProject;
			attributes = {
				BuildIndependentTargetsInParallel = 1;
				LastSwiftUpdateCheck = 1500;
				LastUpgradeCheck = 1500;
				TargetAttributes = {
					1CE1BBA72C5BCA74007E8CEE = {
						CreatedOnToolsVersion = 15.0.1;
					};
					1CE1BBB72C5BCA76007E8CEE = {
						CreatedOnToolsVersion = 15.0.1;
						TestTargetID = 1CE1BBA72C5BCA74007E8CEE;
					};
					1CE1BBC12C5BCA76007E8CEE = {
						CreatedOnToolsVersion = 15.0.1;
						TestTargetID = 1CE1BBA72C5BCA74007E8CEE;
					};
				};
			};
			buildConfigurationList = 1CE1BBA32C5BCA74007E8CEE /* Build configuration list for PBXProject "FinancialIssuesApp" */;
			compatibilityVersion = "Xcode 14.0";
			developmentRegion = en;
			hasScannedForEncodings = 0;
			knownRegions = (
				en,
				Base,
			);
			mainGroup = 1CE1BB9F2C5BCA74007E8CEE;
			productRefGroup = 1CE1BBA92C5BCA74007E8CEE /* Products */;
			projectDirPath = "";
			projectRoot = "";
			targets = (
				1CE1BBA72C5BCA74007E8CEE /* FinancialIssuesApp */,
				1CE1BBB72C5BCA76007E8CEE /* FinancialIssuesAppTests */,
				1CE1BBC12C5BCA76007E8CEE /* FinancialIssuesAppUITests */,
			);
		};
/* End PBXProject section */

/* Begin PBXResourcesBuildPhase section */
		1CE1BBA62C5BCA74007E8CEE /* Resources */ = {
			isa = PBXResourcesBuildPhase;
			buildActionMask = 2147483647;
			files = (
				1CE1BBB32C5BCA76007E8CEE /* Preview Assets.xcassets in Resources */,
				1CE1BBB02C5BCA76007E8CEE /* Assets.xcassets in Resources */,
			);
			runOnlyForDeploymentPostprocessing = 0;
		};
		1CE1BBB62C5BCA76007E8CEE /* Resources */ = {
			isa = PBXResourcesBuildPhase;
			buildActionMask = 2147483647;
			files = (
			);
			runOnlyForDeploymentPostprocessing = 0;
		};
		1CE1BBC02C5BCA76007E8CEE /* Resources */ = {
			isa = PBXResourcesBuildPhase;
			buildActionMask = 2147483647;
			files = (
			);
			runOnlyForDeploymentPostprocessing = 0;
		};
/* End PBXResourcesBuildPhase section */

/* Begin PBXSourcesBuildPhase section */
		1CE1BBA42C5BCA74007E8CEE /* Sources */ = {
			isa = PBXSourcesBuildPhase;
			buildActionMask = 2147483647;
			files = (
				1CE1BC1E2C5BE044007E8CEE /* AppDelegate.swift in Sources */,
				1CE1BC182C5BCCB3007E8CEE /* RegisterBalanceViewController.swift in Sources */,
				1CE1BC142C5BCC2A007E8CEE /* LoginViewController.swift in Sources */,
				1CE1BBAE2C5BCA74007E8CEE /* ContentView.swift in Sources */,
				1CE1BC1C2C5BCE01007E8CEE /* CoreDataHelper.swift in Sources */,
				1CE1BC122C5BCB12007E8CEE /* FinancialTracker.xcdatamodeld in Sources */,
				1CE1BC1A2C5BCDCC007E8CEE /* RegisterTransactionViewController.swift in Sources */,
				1CE1BC162C5BCC72007E8CEE /* MainViewController.swift in Sources */,
			);
			runOnlyForDeploymentPostprocessing = 0;
		};
		1CE1BBB42C5BCA76007E8CEE /* Sources */ = {
			isa = PBXSourcesBuildPhase;
			buildActionMask = 2147483647;
			files = (
				1CE1BBBD2C5BCA76007E8CEE /* FinancialIssuesAppTests.swift in Sources */,
			);
			runOnlyForDeploymentPostprocessing = 0;
		};
		1CE1BBBE2C5BCA76007E8CEE /* Sources */ = {
			isa = PBXSourcesBuildPhase;
			buildActionMask = 2147483647;
			files = (
				1CE1BBC92C5BCA76007E8CEE /* FinancialIssuesAppUITestsLaunchTests.swift in Sources */,
				1CE1BBC72C5BCA76007E8CEE /* FinancialIssuesAppUITests.swift in Sources */,
			);
			runOnlyForDeploymentPostprocessing = 0;
		};
/* End PBXSourcesBuildPhase section */

/* Begin PBXTargetDependency section */
		1CE1BBBA2C5BCA76007E8CEE /* PBXTargetDependency */ = {
			isa = PBXTargetDependency;
			target = 1CE1BBA72C5BCA74007E8CEE /* FinancialIssuesApp */;
			targetProxy = 1CE1BBB92C5BCA76007E8CEE /* PBXContainerItemProxy */;
		};
		1CE1BBC42C5BCA76007E8CEE /* PBXTargetDependency */ = {
			isa = PBXTargetDependency;
			target = 1CE1BBA72C5BCA74007E8CEE /* FinancialIssuesApp */;
			targetProxy = 1CE1BBC32C5BCA76007E8CEE /* PBXContainerItemProxy */;
		};
/* End PBXTargetDependency section */

/* Begin XCBuildConfiguration section */
		1CE1BBCA2C5BCA76007E8CEE /* Debug */ = {
			isa = XCBuildConfiguration;
			buildSettings = {
				ALWAYS_SEARCH_USER_PATHS = NO;
				ASSETCATALOG_COMPILER_GENERATE_SWIFT_ASSET_SYMBOL_EXTENSIONS = YES;
				CLANG_ANALYZER_NONNULL = YES;
				CLANG_ANALYZER_NUMBER_OBJECT_CONVERSION = YES_AGGRESSIVE;
				CLANG_CXX_LANGUAGE_STANDARD = "gnu++20";
				CLANG_ENABLE_MODULES = YES;
				CLANG_ENABLE_OBJC_ARC = YES;
				CLANG_ENABLE_OBJC_WEAK = YES;
				CLANG_WARN_BLOCK_CAPTURE_AUTORELEASING = YES;
				CLANG_WARN_BOOL_CONVERSION = YES;
				CLANG_WARN_COMMA = YES;
				CLANG_WARN_CONSTANT_CONVERSION = YES;
				CLANG_WARN_DEPRECATED_OBJC_IMPLEMENTATIONS = YES;
				CLANG_WARN_DIRECT_OBJC_ISA_USAGE = YES_ERROR;
				CLANG_WARN_DOCUMENTATION_COMMENTS = YES;
				CLANG_WARN_EMPTY_BODY = YES;
				CLANG_WARN_ENUM_CONVERSION = YES;
				CLANG_WARN_INFINITE_RECURSION = YES;
				CLANG_WARN_INT_CONVERSION = YES;
				CLANG_WARN_NON_LITERAL_NULL_CONVERSION = YES;
				CLANG_WARN_OBJC_IMPLICIT_RETAIN_SELF = YES;
				CLANG_WARN_OBJC_LITERAL_CONVERSION = YES;
				CLANG_WARN_OBJC_ROOT_CLASS = YES_ERROR;
				CLANG_WARN_QUOTED_INCLUDE_IN_FRAMEWORK_HEADER = YES;
				CLANG_WARN_RANGE_LOOP_ANALYSIS = YES;
				CLANG_WARN_STRICT_PROTOTYPES = YES;
				CLANG_WARN_SUSPICIOUS_MOVE = YES;
				CLANG_WARN_UNGUARDED_AVAILABILITY = YES_AGGRESSIVE;
				CLANG_WARN_UNREACHABLE_CODE = YES;
				CLANG_WARN__DUPLICATE_METHOD_MATCH = YES;
				COPY_PHASE_STRIP = NO;
				DEBUG_INFORMATION_FORMAT = dwarf;
				ENABLE_STRICT_OBJC_MSGSEND = YES;
				ENABLE_TESTABILITY = YES;
				ENABLE_USER_SCRIPT_SANDBOXING = YES;
				GCC_C_LANGUAGE_STANDARD = gnu17;
				GCC_DYNAMIC_NO_PIC = NO;
				GCC_NO_COMMON_BLOCKS = YES;
				GCC_OPTIMIZATION_LEVEL = 0;
				GCC_PREPROCESSOR_DEFINITIONS = (
					"DEBUG=1",
					"$(inherited)",
				);
				GCC_WARN_64_TO_32_BIT_CONVERSION = YES;
				GCC_WARN_ABOUT_RETURN_TYPE = YES_ERROR;
				GCC_WARN_UNDECLARED_SELECTOR = YES;
				GCC_WARN_UNINITIALIZED_AUTOS = YES_AGGRESSIVE;
				GCC_WARN_UNUSED_FUNCTION = YES;
				GCC_WARN_UNUSED_VARIABLE = YES;
				IPHONEOS_DEPLOYMENT_TARGET = 17.0;
				LOCALIZATION_PREFERS_STRING_CATALOGS = YES;
				MTL_ENABLE_DEBUG_INFO = INCLUDE_SOURCE;
				MTL_FAST_MATH = YES;
				ONLY_ACTIVE_ARCH = YES;
				SDKROOT = iphoneos;
				SWIFT_ACTIVE_COMPILATION_CONDITIONS = "DEBUG $(inherited)";
				SWIFT_OPTIMIZATION_LEVEL = "-Onone";
			};
			name = Debug;
		};
		1CE1BBCB2C5BCA76007E8CEE /* Release */ = {
			isa = XCBuildConfiguration;
			buildSettings = {
				ALWAYS_SEARCH_USER_PATHS = NO;
				ASSETCATALOG_COMPILER_GENERATE_SWIFT_ASSET_SYMBOL_EXTENSIONS = YES;
				CLANG_ANALYZER_NONNULL = YES;
				CLANG_ANALYZER_NUMBER_OBJECT_CONVERSION = YES_AGGRESSIVE;
				CLANG_CXX_LANGUAGE_STANDARD = "gnu++20";
				CLANG_ENABLE_MODULES = YES;
				CLANG_ENABLE_OBJC_ARC = YES;
				CLANG_ENABLE_OBJC_WEAK = YES;
				CLANG_WARN_BLOCK_CAPTURE_AUTORELEASING = YES;
				CLANG_WARN_BOOL_CONVERSION = YES;
				CLANG_WARN_COMMA = YES;
				CLANG_WARN_CONSTANT_CONVERSION = YES;
				CLANG_WARN_DEPRECATED_OBJC_IMPLEMENTATIONS = YES;
				CLANG_WARN_DIRECT_OBJC_ISA_USAGE = YES_ERROR;
				CLANG_WARN_DOCUMENTATION_COMMENTS = YES;
				CLANG_WARN_EMPTY_BODY = YES;
				CLANG_WARN_ENUM_CONVERSION = YES;
				CLANG_WARN_INFINITE_RECURSION = YES;
				CLANG_WARN_INT_CONVERSION = YES;
				CLANG_WARN_NON_LITERAL_NULL_CONVERSION = YES;
				CLANG_WARN_OBJC_IMPLICIT_RETAIN_SELF = YES;
				CLANG_WARN_OBJC_LITERAL_CONVERSION = YES;
				CLANG_WARN_OBJC_ROOT_CLASS = YES_ERROR;
				CLANG_WARN_QUOTED_INCLUDE_IN_FRAMEWORK_HEADER = YES;
				CLANG_WARN_RANGE_LOOP_ANALYSIS = YES;
				CLANG_WARN_STRICT_PROTOTYPES = YES;
				CLANG_WARN_SUSPICIOUS_MOVE = YES;
				CLANG_WARN_UNGUARDED_AVAILABILITY = YES_AGGRESSIVE;
				CLANG_WARN_UNREACHABLE_CODE = YES;
				CLANG_WARN__DUPLICATE_METHOD_MATCH = YES;
				COPY_PHASE_STRIP = NO;
				DEBUG_INFORMATION_FORMAT = "dwarf-with-dsym";
				ENABLE_NS_ASSERTIONS = NO;
				ENABLE_STRICT_OBJC_MSGSEND = YES;
				ENABLE_USER_SCRIPT_SANDBOXING = YES;
				GCC_C_LANGUAGE_STANDARD = gnu17;
				GCC_NO_COMMON_BLOCKS = YES;
				GCC_WARN_64_TO_32_BIT_CONVERSION = YES;
				GCC_WARN_ABOUT_RETURN_TYPE = YES_ERROR;
				GCC_WARN_UNDECLARED_SELECTOR = YES;
				GCC_WARN_UNINITIALIZED_AUTOS = YES_AGGRESSIVE;
				GCC_WARN_UNUSED_FUNCTION = YES;
				GCC_WARN_UNUSED_VARIABLE = YES;
				IPHONEOS_DEPLOYMENT_TARGET = 17.0;
				LOCALIZATION_PREFERS_STRING_CATALOGS = YES;
				MTL_ENABLE_DEBUG_INFO = NO;
				MTL_FAST_MATH = YES;
				SDKROOT = iphoneos;
				SWIFT_COMPILATION_MODE = wholemodule;
				VALIDATE_PRODUCT = YES;
			};
			name = Release;
		};
		1CE1BBCD2C5BCA76007E8CEE /* Debug */ = {
			isa = XCBuildConfiguration;
			buildSettings = {
				ASSETCATALOG_COMPILER_APPICON_NAME = AppIcon;
				ASSETCATALOG_COMPILER_GLOBAL_ACCENT_COLOR_NAME = AccentColor;
				CODE_SIGN_STYLE = Automatic;
				CURRENT_PROJECT_VERSION = 1;
				DEVELOPMENT_ASSET_PATHS = "\"FinancialIssuesApp/Preview Content\"";
				ENABLE_PREVIEWS = YES;
				GENERATE_INFOPLIST_FILE = YES;
				INFOPLIST_KEY_UIApplicationSceneManifest_Generation = YES;
				INFOPLIST_KEY_UIApplicationSupportsIndirectInputEvents = YES;
				INFOPLIST_KEY_UILaunchScreen_Generation = YES;
				INFOPLIST_KEY_UISupportedInterfaceOrientations_iPad = "UIInterfaceOrientationPortrait UIInterfaceOrientationPortraitUpsideDown UIInterfaceOrientationLandscapeLeft UIInterfaceOrientationLandscapeRight";
				INFOPLIST_KEY_UISupportedInterfaceOrientations_iPhone = "UIInterfaceOrientationPortrait UIInterfaceOrientationLandscapeLeft UIInterfaceOrientationLandscapeRight";
				LD_RUNPATH_SEARCH_PATHS = (
					"$(inherited)",
					"@executable_path/Frameworks",
				);
				MARKETING_VERSION = 1.0;
				PRODUCT_BUNDLE_IDENTIFIER = org.FinancialIssuesApp;
				PRODUCT_NAME = "$(TARGET_NAME)";
				SWIFT_EMIT_LOC_STRINGS = YES;
				SWIFT_VERSION = 5.0;
				TARGETED_DEVICE_FAMILY = "1,2";
			};
			name = Debug;
		};
		1CE1BBCE2C5BCA76007E8CEE /* Release */ = {
			isa = XCBuildConfiguration;
			buildSettings = {
				ASSETCATALOG_COMPILER_APPICON_NAME = AppIcon;
				ASSETCATALOG_COMPILER_GLOBAL_ACCENT_COLOR_NAME = AccentColor;
				CODE_SIGN_STYLE = Automatic;
				CURRENT_PROJECT_VERSION = 1;
				DEVELOPMENT_ASSET_PATHS = "\"FinancialIssuesApp/Preview Content\"";
				ENABLE_PREVIEWS = YES;
				GENERATE_INFOPLIST_FILE = YES;
				INFOPLIST_KEY_UIApplicationSceneManifest_Generation = YES;
				INFOPLIST_KEY_UIApplicationSupportsIndirectInputEvents = YES;
				INFOPLIST_KEY_UILaunchScreen_Generation = YES;
				INFOPLIST_KEY_UISupportedInterfaceOrientations_iPad = "UIInterfaceOrientationPortrait UIInterfaceOrientationPortraitUpsideDown UIInterfaceOrientationLandscapeLeft UIInterfaceOrientationLandscapeRight";
				INFOPLIST_KEY_UISupportedInterfaceOrientations_iPhone = "UIInterfaceOrientationPortrait UIInterfaceOrientationLandscapeLeft UIInterfaceOrientationLandscapeRight";
				LD_RUNPATH_SEARCH_PATHS = (
					"$(inherited)",
					"@executable_path/Frameworks",
				);
				MARKETING_VERSION = 1.0;
				PRODUCT_BUNDLE_IDENTIFIER = org.FinancialIssuesApp;
				PRODUCT_NAME = "$(TARGET_NAME)";
				SWIFT_EMIT_LOC_STRINGS = YES;
				SWIFT_VERSION = 5.0;
				TARGETED_DEVICE_FAMILY = "1,2";
			};
			name = Release;
		};
		1CE1BBD02C5BCA76007E8CEE /* Debug */ = {
			isa = XCBuildConfiguration;
			buildSettings = {
				ALWAYS_EMBED_SWIFT_STANDARD_LIBRARIES = YES;
				BUNDLE_LOADER = "$(TEST_HOST)";
				CODE_SIGN_STYLE = Automatic;
				CURRENT_PROJECT_VERSION = 1;
				GENERATE_INFOPLIST_FILE = YES;
				IPHONEOS_DEPLOYMENT_TARGET = 17.0;
				MARKETING_VERSION = 1.0;
				PRODUCT_BUNDLE_IDENTIFIER = org.FinancialIssuesAppTests;
				PRODUCT_NAME = "$(TARGET_NAME)";
				SWIFT_EMIT_LOC_STRINGS = NO;
				SWIFT_VERSION = 5.0;
				TARGETED_DEVICE_FAMILY = "1,2";
				TEST_HOST = "$(BUILT_PRODUCTS_DIR)/FinancialIssuesApp.app/$(BUNDLE_EXECUTABLE_FOLDER_PATH)/FinancialIssuesApp";
			};
			name = Debug;
		};
		1CE1BBD12C5BCA76007E8CEE /* Release */ = {
			isa = XCBuildConfiguration;
			buildSettings = {
				ALWAYS_EMBED_SWIFT_STANDARD_LIBRARIES = YES;
				BUNDLE_LOADER = "$(TEST_HOST)";
				CODE_SIGN_STYLE = Automatic;
				CURRENT_PROJECT_VERSION = 1;
				GENERATE_INFOPLIST_FILE = YES;
				IPHONEOS_DEPLOYMENT_TARGET = 17.0;
				MARKETING_VERSION = 1.0;
				PRODUCT_BUNDLE_IDENTIFIER = org.FinancialIssuesAppTests;
				PRODUCT_NAME = "$(TARGET_NAME)";
				SWIFT_EMIT_LOC_STRINGS = NO;
				SWIFT_VERSION = 5.0;
				TARGETED_DEVICE_FAMILY = "1,2";
				TEST_HOST = "$(BUILT_PRODUCTS_DIR)/FinancialIssuesApp.app/$(BUNDLE_EXECUTABLE_FOLDER_PATH)/FinancialIssuesApp";
			};
			name = Release;
		};
		1CE1BBD32C5BCA76007E8CEE /* Debug */ = {
			isa = XCBuildConfiguration;
			buildSettings = {
				ALWAYS_EMBED_SWIFT_STANDARD_LIBRARIES = YES;
				CODE_SIGN_STYLE = Automatic;
				CURRENT_PROJECT_VERSION = 1;
				GENERATE_INFOPLIST_FILE = YES;
				MARKETING_VERSION = 1.0;
				PRODUCT_BUNDLE_IDENTIFIER = org.FinancialIssuesAppUITests;
				PRODUCT_NAME = "$(TARGET_NAME)";
				SWIFT_EMIT_LOC_STRINGS = NO;
				SWIFT_VERSION = 5.0;
				TARGETED_DEVICE_FAMILY = "1,2";
				TEST_TARGET_NAME = FinancialIssuesApp;
			};
			name = Debug;
		};
		1CE1BBD42C5BCA76007E8CEE /* Release */ = {
			isa = XCBuildConfiguration;
			buildSettings = {
				ALWAYS_EMBED_SWIFT_STANDARD_LIBRARIES = YES;
				CODE_SIGN_STYLE = Automatic;
				CURRENT_PROJECT_VERSION = 1;
				GENERATE_INFOPLIST_FILE = YES;
				MARKETING_VERSION = 1.0;
				PRODUCT_BUNDLE_IDENTIFIER = org.FinancialIssuesAppUITests;
				PRODUCT_NAME = "$(TARGET_NAME)";
				SWIFT_EMIT_LOC_STRINGS = NO;
				SWIFT_VERSION = 5.0;
				TARGETED_DEVICE_FAMILY = "1,2";
				TEST_TARGET_NAME = FinancialIssuesApp;
			};
			name = Release;
		};
/* End XCBuildConfiguration section */

/* Begin XCConfigurationList section */
		1CE1BBA32C5BCA74007E8CEE /* Build configuration list for PBXProject "FinancialIssuesApp" */ = {
			isa = XCConfigurationList;
			buildConfigurations = (
				1CE1BBCA2C5BCA76007E8CEE /* Debug */,
				1CE1BBCB2C5BCA76007E8CEE /* Release */,
			);
			defaultConfigurationIsVisible = 0;
			defaultConfigurationName = Release;
		};
		1CE1BBCC2C5BCA76007E8CEE /* Build configuration list for PBXNativeTarget "FinancialIssuesApp" */ = {
			isa = XCConfigurationList;
			buildConfigurations = (
				1CE1BBCD2C5BCA76007E8CEE /* Debug */,
				1CE1BBCE2C5BCA76007E8CEE /* Release */,
			);
			defaultConfigurationIsVisible = 0;
			defaultConfigurationName = Release;
		};
		1CE1BBCF2C5BCA76007E8CEE /* Build configuration list for PBXNativeTarget "FinancialIssuesAppTests" */ = {
			isa = XCConfigurationList;
			buildConfigurations = (
				1CE1BBD02C5BCA76007E8CEE /* Debug */,
				1CE1BBD12C5BCA76007E8CEE /* Release */,
			);
			defaultConfigurationIsVisible = 0;
			defaultConfigurationName = Release;
		};
		1CE1BBD22C5BCA76007E8CEE /* Build configuration list for PBXNativeTarget "FinancialIssuesAppUITests" */ = {
			isa = XCConfigurationList;
			buildConfigurations = (
				1CE1BBD32C5BCA76007E8CEE /* Debug */,
				1CE1BBD42C5BCA76007E8CEE /* Release */,
			);
			defaultConfigurationIsVisible = 0;
			defaultConfigurationName = Release;
		};
/* End XCConfigurationList section */

/* Begin XCVersionGroup section */
		1CE1BC102C5BCB12007E8CEE /* FinancialTracker.xcdatamodeld */ = {
			isa = XCVersionGroup;
			children = (
				1CE1BC112C5BCB12007E8CEE /* FinancialTracker.xcdatamodel */,
			);
			currentVersion = 1CE1BC112C5BCB12007E8CEE /* FinancialTracker.xcdatamodel */;
			path = FinancialTracker.xcdatamodeld;
			sourceTree = "<group>";
			versionGroupType = wrapper.xcdatamodel;
		};
/* End XCVersionGroup section */
	};
	rootObject = 1CE1BBA02C5BCA74007E8CEE /* Project object */;
}
